
Microsoft Visual Studio Solution File, Format Version 12.00
# Visual Studio Version 17
VisualStudioVersion = 17.11.35312.102
MinimumVisualStudioVersion = 10.0.40219.1
Project("{FAE04EC0-301F-11D3-BF4B-00C04F79EFBC}") = "BepinexPMLBridge", "BepinexPMLBridge\BepinexPMLBridge.csproj", "{82A62249-DB80-44A0-A316-1E140ACC7495}"
EndProject
Global
	GlobalSection(SolutionConfigurationPlatforms) = preSolution
		Debug|Any CPU = Debug|Any CPU
		Release|Any CPU = Release|Any CPU
	EndGlobalSection
	GlobalSection(ProjectConfigurationPlatforms) = postSolution
		{82A62249-DB80-44A0-A316-1E140ACC7495}.Debug|Any CPU.ActiveCfg = Debug|Any CPU
		{82A62249-DB80-44A0-A316-1E140ACC7495}.Debug|Any CPU.Build.0 = Debug|Any CPU
		{82A62249-DB80-44A0-A316-1E140ACC7495}.Release|Any CPU.ActiveCfg = Release|Any CPU
		{82A62249-DB80-44A0-A316-1E140ACC7495}.Release|Any CPU.Build.0 = Release|Any CPU
	EndGlobalSection
	GlobalSection(SolutionProperties) = preSolution
		HideSolutionNode = FALSE
	EndGlobalSection
	GlobalSection(ExtensibilityGlobals) = postSolution
		SolutionGuid = {AB79047C-2194-4D98-8EEE-9E30AB7AEA75}
	EndGlobalSection
EndGlobal
